
Microsoft Visual Studio Solution File, Format Version 12.00
# Visual Studio Version 17
VisualStudioVersion = 17.10.34607.79
MinimumVisualStudioVersion = 10.0.40219.1
Project("{FAE04EC0-301F-11D3-BF4B-00C04F79EFBC}") = "bs_be", "bs_be.csproj", "{30627784-D593-4C38-B6D7-44260010587B}"
EndProject
Project("{FAE04EC0-301F-11D3-BF4B-00C04F79EFBC}") = "bs_be.data_access", "..\bs_be.data_access\bs_be.data_access.csproj", "{16576CC6-2984-45A8-A439-33FC9FBE8F56}"
EndProject
Project("{FAE04EC0-301F-11D3-BF4B-00C04F79EFBC}") = "bs_be.utility", "..\bs_be.utility\bs_be.utility.csproj", "{07F3613A-F56B-4A92-A46E-055CDBE1927E}"
EndProject
Project("{FAE04EC0-301F-11D3-BF4B-00C04F79EFBC}") = "bs_be.models", "..\bs_be.models\bs_be.models.csproj", "{D76E14BA-2D5B-45AE-AE66-5216B13B5FD4}"
EndProject
Global
	GlobalSection(SolutionConfigurationPlatforms) = preSolution
		Debug|Any CPU = Debug|Any CPU
		Release|Any CPU = Release|Any CPU
	EndGlobalSection
	GlobalSection(ProjectConfigurationPlatforms) = postSolution
		{30627784-D593-4C38-B6D7-44260010587B}.Debug|Any CPU.ActiveCfg = Debug|Any CPU
		{30627784-D593-4C38-B6D7-44260010587B}.Debug|Any CPU.Build.0 = Debug|Any CPU
		{30627784-D593-4C38-B6D7-44260010587B}.Release|Any CPU.ActiveCfg = Release|Any CPU
		{30627784-D593-4C38-B6D7-44260010587B}.Release|Any CPU.Build.0 = Release|Any CPU
		{16576CC6-2984-45A8-A439-33FC9FBE8F56}.Debug|Any CPU.ActiveCfg = Debug|Any CPU
		{16576CC6-2984-45A8-A439-33FC9FBE8F56}.Debug|Any CPU.Build.0 = Debug|Any CPU
		{16576CC6-2984-45A8-A439-33FC9FBE8F56}.Release|Any CPU.ActiveCfg = Release|Any CPU
		{16576CC6-2984-45A8-A439-33FC9FBE8F56}.Release|Any CPU.Build.0 = Release|Any CPU
		{07F3613A-F56B-4A92-A46E-055CDBE1927E}.Debug|Any CPU.ActiveCfg = Debug|Any CPU
		{07F3613A-F56B-4A92-A46E-055CDBE1927E}.Debug|Any CPU.Build.0 = Debug|Any CPU
		{07F3613A-F56B-4A92-A46E-055CDBE1927E}.Release|Any CPU.ActiveCfg = Release|Any CPU
		{07F3613A-F56B-4A92-A46E-055CDBE1927E}.Release|Any CPU.Build.0 = Release|Any CPU
		{D76E14BA-2D5B-45AE-AE66-5216B13B5FD4}.Debug|Any CPU.ActiveCfg = Debug|Any CPU
		{D76E14BA-2D5B-45AE-AE66-5216B13B5FD4}.Debug|Any CPU.Build.0 = Debug|Any CPU
		{D76E14BA-2D5B-45AE-AE66-5216B13B5FD4}.Release|Any CPU.ActiveCfg = Release|Any CPU
		{D76E14BA-2D5B-45AE-AE66-5216B13B5FD4}.Release|Any CPU.Build.0 = Release|Any CPU
	EndGlobalSection
	GlobalSection(SolutionProperties) = preSolution
		HideSolutionNode = FALSE
	EndGlobalSection
	GlobalSection(ExtensibilityGlobals) = postSolution
		SolutionGuid = {8698C79C-D001-44C9-838D-4A151B3119CF}
	EndGlobalSection
EndGlobal
